// !$*UTF8*$!
{
	archiveVersion = 1;
	classes = {
	};
	objectVersion = 50;
	objects = {

/* Begin PBXBuildFile section */
		303D612A21023BE60036F493 /* insertElement.cpp in Sources */ = {isa = PBXBuildFile; fileRef = 303D612921023BE60036F493 /* insertElement.cpp */; };
		30A4244520C9D51A00AAFC57 /* main.cpp in Sources */ = {isa = PBXBuildFile; fileRef = 30A4243820C9D39800AAFC57 /* main.cpp */; };
/* End PBXBuildFile section */

/* Begin PBXCopyFilesBuildPhase section */
		30A4243320C9D39800AAFC57 /* CopyFiles */ = {
			isa = PBXCopyFilesBuildPhase;
			buildActionMask = 2147483647;
			dstPath = /usr/share/man/man1/;
			dstSubfolderSpec = 0;
			files = (
			);
			runOnlyForDeploymentPostprocessing = 1;
		};
/* End PBXCopyFilesBuildPhase section */

/* Begin PBXFileReference section */
		301F6E6D20CB109D00901386 /* roman_to_integer.cpp */ = {isa = PBXFileReference; lastKnownFileType = sourcecode.cpp.cpp; path = roman_to_integer.cpp; sourceTree = "<group>"; };
		301F6E6F20CB18AA00901386 /* longestCommonPrefix.cpp */ = {isa = PBXFileReference; lastKnownFileType = sourcecode.cpp.cpp; path = longestCommonPrefix.cpp; sourceTree = "<group>"; };
		301F6E7320D0188B00901386 /* add_two_numbers.cpp */ = {isa = PBXFileReference; lastKnownFileType = sourcecode.cpp.cpp; path = add_two_numbers.cpp; sourceTree = "<group>"; };
		301F6E7520D02CE200901386 /* longest_substring_without_repeating_characters.cpp */ = {isa = PBXFileReference; lastKnownFileType = sourcecode.cpp.cpp; path = longest_substring_without_repeating_characters.cpp; sourceTree = "<group>"; };
		301F6E7720D4608700901386 /* longest_palindromic_substring.cpp */ = {isa = PBXFileReference; lastKnownFileType = sourcecode.cpp.cpp; path = longest_palindromic_substring.cpp; sourceTree = "<group>"; };
		303D612921023BE60036F493 /* insertElement.cpp */ = {isa = PBXFileReference; lastKnownFileType = sourcecode.cpp.cpp; path = insertElement.cpp; sourceTree = "<group>"; };
		309EFF0320C9E0A4004D5347 /* table.cpp */ = {isa = PBXFileReference; lastKnownFileType = sourcecode.cpp.cpp; path = table.cpp; sourceTree = "<group>"; };
		30A4243520C9D39800AAFC57 /* leetCode */ = {isa = PBXFileReference; explicitFileType = "compiled.mach-o.executable"; includeInIndex = 0; path = leetCode; sourceTree = BUILT_PRODUCTS_DIR; };
		30A4243820C9D39800AAFC57 /* main.cpp */ = {isa = PBXFileReference; lastKnownFileType = sourcecode.cpp.cpp; path = main.cpp; sourceTree = "<group>"; };
		30A4244220C9D3E600AAFC57 /* libraries.h */ = {isa = PBXFileReference; lastKnownFileType = sourcecode.c.h; path = libraries.h; sourceTree = "<group>"; };
		30A4244320C9D41E00AAFC57 /* reverse_integer.cpp */ = {isa = PBXFileReference; lastKnownFileType = sourcecode.cpp.cpp; path = reverse_integer.cpp; sourceTree = "<group>"; };
		30A4244720C9D8CA00AAFC57 /* twoSum.cpp */ = {isa = PBXFileReference; lastKnownFileType = sourcecode.cpp.cpp; path = twoSum.cpp; sourceTree = "<group>"; };
		30A4244820C9D95700AAFC57 /* palindrome_number.cpp */ = {isa = PBXFileReference; lastKnownFileType = sourcecode.cpp.cpp; path = palindrome_number.cpp; sourceTree = "<group>"; };
		30A4244A20C9DD1F00AAFC57 /* splitBill.cpp */ = {isa = PBXFileReference; lastKnownFileType = sourcecode.cpp.cpp; path = splitBill.cpp; sourceTree = "<group>"; };
		30A4244C20C9DE6000AAFC57 /* person.cpp */ = {isa = PBXFileReference; lastKnownFileType = sourcecode.cpp.cpp; path = person.cpp; sourceTree = "<group>"; };
		30FE693320D8352E0094355D /* valid_parentheses.cpp */ = {isa = PBXFileReference; lastKnownFileType = sourcecode.cpp.cpp; path = valid_parentheses.cpp; sourceTree = "<group>"; };
		30FE693520D83DB40094355D /* string_to_integer.cpp */ = {isa = PBXFileReference; lastKnownFileType = sourcecode.cpp.cpp; path = string_to_integer.cpp; sourceTree = "<group>"; };
		30FE693820D99B2C0094355D /* merge_two_lists.cpp */ = {isa = PBXFileReference; lastKnownFileType = sourcecode.cpp.cpp; path = merge_two_lists.cpp; sourceTree = "<group>"; };
/* End PBXFileReference section */

/* Begin PBXFrameworksBuildPhase section */
		30A4243220C9D39800AAFC57 /* Frameworks */ = {
			isa = PBXFrameworksBuildPhase;
			buildActionMask = 2147483647;
			files = (
			);
			runOnlyForDeploymentPostprocessing = 0;
		};
/* End PBXFrameworksBuildPhase section */

/* Begin PBXGroup section */
		301F6E7220D0185200901386 /* Medium_Problems */ = {
			isa = PBXGroup;
			children = (
				301F6E7320D0188B00901386 /* add_two_numbers.cpp */,
				301F6E7520D02CE200901386 /* longest_substring_without_repeating_characters.cpp */,
				301F6E7720D4608700901386 /* longest_palindromic_substring.cpp */,
				30FE693520D83DB40094355D /* string_to_integer.cpp */,
			);
			path = Medium_Problems;
			sourceTree = "<group>";
		};
		303D6128210239710036F493 /* Cracking the PM Interview */ = {
			isa = PBXGroup;
			children = (
				303D612921023BE60036F493 /* insertElement.cpp */,
			);
			path = "Cracking the PM Interview";
			sourceTree = "<group>";
		};
		30A4242C20C9D39800AAFC57 = {
			isa = PBXGroup;
			children = (
				30A4243720C9D39800AAFC57 /* leetCode */,
				30A4243620C9D39800AAFC57 /* Products */,
			);
			sourceTree = "<group>";
		};
		30A4243620C9D39800AAFC57 /* Products */ = {
			isa = PBXGroup;
			children = (
				30A4243520C9D39800AAFC57 /* leetCode */,
			);
			name = Products;
			sourceTree = "<group>";
		};
		30A4243720C9D39800AAFC57 /* leetCode */ = {
			isa = PBXGroup;
			children = (
				30A4243820C9D39800AAFC57 /* main.cpp */,
				30A4244220C9D3E600AAFC57 /* libraries.h */,
				303D6128210239710036F493 /* Cracking the PM Interview */,
				30A4244920C9DCC900AAFC57 /* Programs */,
				30A4244620C9D54600AAFC57 /* Easy_Problems */,
				301F6E7220D0185200901386 /* Medium_Problems */,
			);
			path = leetCode;
			sourceTree = "<group>";
		};
		30A4244620C9D54600AAFC57 /* Easy_Problems */ = {
			isa = PBXGroup;
			children = (
				30A4244320C9D41E00AAFC57 /* reverse_integer.cpp */,
				30A4244720C9D8CA00AAFC57 /* twoSum.cpp */,
				30A4244820C9D95700AAFC57 /* palindrome_number.cpp */,
				301F6E6D20CB109D00901386 /* roman_to_integer.cpp */,
				301F6E6F20CB18AA00901386 /* longestCommonPrefix.cpp */,
				30FE693320D8352E0094355D /* valid_parentheses.cpp */,
				30FE693820D99B2C0094355D /* merge_two_lists.cpp */,
			);
			path = Easy_Problems;
			sourceTree = "<group>";
		};
		30A4244920C9DCC900AAFC57 /* Programs */ = {
			isa = PBXGroup;
			children = (
				30A4244B20C9DE3A00AAFC57 /* splitBill */,
			);
			path = Programs;
			sourceTree = "<group>";
		};
		30A4244B20C9DE3A00AAFC57 /* splitBill */ = {
			isa = PBXGroup;
			children = (
				30A4244A20C9DD1F00AAFC57 /* splitBill.cpp */,
				309EFF0320C9E0A4004D5347 /* table.cpp */,
				30A4244C20C9DE6000AAFC57 /* person.cpp */,
			);
			path = splitBill;
			sourceTree = "<group>";
		};
/* End PBXGroup section */

/* Begin PBXNativeTarget section */
		30A4243420C9D39800AAFC57 /* leetCode */ = {
			isa = PBXNativeTarget;
			buildConfigurationList = 30A4243C20C9D39800AAFC57 /* Build configuration list for PBXNativeTarget "leetCode" */;
			buildPhases = (
				30A4243120C9D39800AAFC57 /* Sources */,
				30A4243220C9D39800AAFC57 /* Frameworks */,
				30A4243320C9D39800AAFC57 /* CopyFiles */,
			);
			buildRules = (
			);
			dependencies = (
			);
			name = leetCode;
			productName = leetCode;
			productReference = 30A4243520C9D39800AAFC57 /* leetCode */;
			productType = "com.apple.product-type.tool";
		};
/* End PBXNativeTarget section */

/* Begin PBXProject section */
		30A4242D20C9D39800AAFC57 /* Project object */ = {
			isa = PBXProject;
			attributes = {
				LastUpgradeCheck = 0940;
				ORGANIZATIONNAME = "Haag, Austin P";
				TargetAttributes = {
					30A4243420C9D39800AAFC57 = {
						CreatedOnToolsVersion = 9.4;
					};
				};
			};
			buildConfigurationList = 30A4243020C9D39800AAFC57 /* Build configuration list for PBXProject "leetCode" */;
			compatibilityVersion = "Xcode 9.3";
			developmentRegion = en;
			hasScannedForEncodings = 0;
			knownRegions = (
				en,
			);
			mainGroup = 30A4242C20C9D39800AAFC57;
			productRefGroup = 30A4243620C9D39800AAFC57 /* Products */;
			projectDirPath = "";
			projectRoot = "";
			targets = (
				30A4243420C9D39800AAFC57 /* leetCode */,
			);
		};
/* End PBXProject section */

/* Begin PBXSourcesBuildPhase section */
		30A4243120C9D39800AAFC57 /* Sources */ = {
			isa = PBXSourcesBuildPhase;
			buildActionMask = 2147483647;
			files = (
				30A4244520C9D51A00AAFC57 /* main.cpp in Sources */,
				303D612A21023BE60036F493 /* insertElement.cpp in Sources */,
			);
			runOnlyForDeploymentPostprocessing = 0;
		};
/* End PBXSourcesBuildPhase section */

/* Begin XCBuildConfiguration section */
		30A4243A20C9D39800AAFC57 /* Debug */ = {
			isa = XCBuildConfiguration;
			buildSettings = {
				ALWAYS_SEARCH_USER_PATHS = NO;
				CLANG_ANALYZER_NONNULL = YES;
				CLANG_ANALYZER_NUMBER_OBJECT_CONVERSION = YES_AGGRESSIVE;
				CLANG_CXX_LANGUAGE_STANDARD = "gnu++14";
				CLANG_CXX_LIBRARY = "libc++";
				CLANG_ENABLE_MODULES = YES;
				CLANG_ENABLE_OBJC_ARC = YES;
				CLANG_ENABLE_OBJC_WEAK = YES;
				CLANG_WARN_BLOCK_CAPTURE_AUTORELEASING = YES;
				CLANG_WARN_BOOL_CONVERSION = YES;
				CLANG_WARN_COMMA = YES;
				CLANG_WARN_CONSTANT_CONVERSION = YES;
				CLANG_WARN_DEPRECATED_OBJC_IMPLEMENTATIONS = YES;
				CLANG_WARN_DIRECT_OBJC_ISA_USAGE = YES_ERROR;
				CLANG_WARN_DOCUMENTATION_COMMENTS = YES;
				CLANG_WARN_EMPTY_BODY = YES;
				CLANG_WARN_ENUM_CONVERSION = YES;
				CLANG_WARN_INFINITE_RECURSION = YES;
				CLANG_WARN_INT_CONVERSION = YES;
				CLANG_WARN_NON_LITERAL_NULL_CONVERSION = YES;
				CLANG_WARN_OBJC_IMPLICIT_RETAIN_SELF = YES;
				CLANG_WARN_OBJC_LITERAL_CONVERSION = YES;
				CLANG_WARN_OBJC_ROOT_CLASS = YES_ERROR;
				CLANG_WARN_RANGE_LOOP_ANALYSIS = YES;
				CLANG_WARN_STRICT_PROTOTYPES = YES;
				CLANG_WARN_SUSPICIOUS_MOVE = YES;
				CLANG_WARN_UNGUARDED_AVAILABILITY = YES_AGGRESSIVE;
				CLANG_WARN_UNREACHABLE_CODE = YES;
				CLANG_WARN__DUPLICATE_METHOD_MATCH = YES;
				CODE_SIGN_IDENTITY = "Mac Developer";
				COPY_PHASE_STRIP = NO;
				DEBUG_INFORMATION_FORMAT = dwarf;
				ENABLE_STRICT_OBJC_MSGSEND = YES;
				ENABLE_TESTABILITY = YES;
				GCC_C_LANGUAGE_STANDARD = gnu11;
				GCC_DYNAMIC_NO_PIC = NO;
				GCC_NO_COMMON_BLOCKS = YES;
				GCC_OPTIMIZATION_LEVEL = 0;
				GCC_PREPROCESSOR_DEFINITIONS = (
					"DEBUG=1",
					"$(inherited)",
				);
				GCC_WARN_64_TO_32_BIT_CONVERSION = YES;
				GCC_WARN_ABOUT_RETURN_TYPE = YES_ERROR;
				GCC_WARN_UNDECLARED_SELECTOR = YES;
				GCC_WARN_UNINITIALIZED_AUTOS = YES_AGGRESSIVE;
				GCC_WARN_UNUSED_FUNCTION = YES;
				GCC_WARN_UNUSED_VARIABLE = YES;
				MACOSX_DEPLOYMENT_TARGET = 10.13;
				MTL_ENABLE_DEBUG_INFO = YES;
				ONLY_ACTIVE_ARCH = YES;
				SDKROOT = macosx;
			};
			name = Debug;
		};
		30A4243B20C9D39800AAFC57 /* Release */ = {
			isa = XCBuildConfiguration;
			buildSettings = {
				ALWAYS_SEARCH_USER_PATHS = NO;
				CLANG_ANALYZER_NONNULL = YES;
				CLANG_ANALYZER_NUMBER_OBJECT_CONVERSION = YES_AGGRESSIVE;
				CLANG_CXX_LANGUAGE_STANDARD = "gnu++14";
				CLANG_CXX_LIBRARY = "libc++";
				CLANG_ENABLE_MODULES = YES;
				CLANG_ENABLE_OBJC_ARC = YES;
				CLANG_ENABLE_OBJC_WEAK = YES;
				CLANG_WARN_BLOCK_CAPTURE_AUTORELEASING = YES;
				CLANG_WARN_BOOL_CONVERSION = YES;
				CLANG_WARN_COMMA = YES;
				CLANG_WARN_CONSTANT_CONVERSION = YES;
				CLANG_WARN_DEPRECATED_OBJC_IMPLEMENTATIONS = YES;
				CLANG_WARN_DIRECT_OBJC_ISA_USAGE = YES_ERROR;
				CLANG_WARN_DOCUMENTATION_COMMENTS = YES;
				CLANG_WARN_EMPTY_BODY = YES;
				CLANG_WARN_ENUM_CONVERSION = YES;
				CLANG_WARN_INFINITE_RECURSION = YES;
				CLANG_WARN_INT_CONVERSION = YES;
				CLANG_WARN_NON_LITERAL_NULL_CONVERSION = YES;
				CLANG_WARN_OBJC_IMPLICIT_RETAIN_SELF = YES;
				CLANG_WARN_OBJC_LITERAL_CONVERSION = YES;
				CLANG_WARN_OBJC_ROOT_CLASS = YES_ERROR;
				CLANG_WARN_RANGE_LOOP_ANALYSIS = YES;
				CLANG_WARN_STRICT_PROTOTYPES = YES;
				CLANG_WARN_SUSPICIOUS_MOVE = YES;
				CLANG_WARN_UNGUARDED_AVAILABILITY = YES_AGGRESSIVE;
				CLANG_WARN_UNREACHABLE_CODE = YES;
				CLANG_WARN__DUPLICATE_METHOD_MATCH = YES;
				CODE_SIGN_IDENTITY = "Mac Developer";
				COPY_PHASE_STRIP = NO;
				DEBUG_INFORMATION_FORMAT = "dwarf-with-dsym";
				ENABLE_NS_ASSERTIONS = NO;
				ENABLE_STRICT_OBJC_MSGSEND = YES;
				GCC_C_LANGUAGE_STANDARD = gnu11;
				GCC_NO_COMMON_BLOCKS = YES;
				GCC_WARN_64_TO_32_BIT_CONVERSION = YES;
				GCC_WARN_ABOUT_RETURN_TYPE = YES_ERROR;
				GCC_WARN_UNDECLARED_SELECTOR = YES;
				GCC_WARN_UNINITIALIZED_AUTOS = YES_AGGRESSIVE;
				GCC_WARN_UNUSED_FUNCTION = YES;
				GCC_WARN_UNUSED_VARIABLE = YES;
				MACOSX_DEPLOYMENT_TARGET = 10.13;
				MTL_ENABLE_DEBUG_INFO = NO;
				SDKROOT = macosx;
			};
			name = Release;
		};
		30A4243D20C9D39800AAFC57 /* Debug */ = {
			isa = XCBuildConfiguration;
			buildSettings = {
				CODE_SIGN_STYLE = Automatic;
				DEVELOPMENT_TEAM = 4NBTR4NS3W;
				PRODUCT_NAME = "$(TARGET_NAME)";
			};
			name = Debug;
		};
		30A4243E20C9D39800AAFC57 /* Release */ = {
			isa = XCBuildConfiguration;
			buildSettings = {
				CODE_SIGN_STYLE = Automatic;
				DEVELOPMENT_TEAM = 4NBTR4NS3W;
				PRODUCT_NAME = "$(TARGET_NAME)";
			};
			name = Release;
		};
/* End XCBuildConfiguration section */

/* Begin XCConfigurationList section */
		30A4243020C9D39800AAFC57 /* Build configuration list for PBXProject "leetCode" */ = {
			isa = XCConfigurationList;
			buildConfigurations = (
				30A4243A20C9D39800AAFC57 /* Debug */,
				30A4243B20C9D39800AAFC57 /* Release */,
			);
			defaultConfigurationIsVisible = 0;
			defaultConfigurationName = Release;
		};
		30A4243C20C9D39800AAFC57 /* Build configuration list for PBXNativeTarget "leetCode" */ = {
			isa = XCConfigurationList;
			buildConfigurations = (
				30A4243D20C9D39800AAFC57 /* Debug */,
				30A4243E20C9D39800AAFC57 /* Release */,
			);
			defaultConfigurationIsVisible = 0;
			defaultConfigurationName = Release;
		};
/* End XCConfigurationList section */
	};
	rootObject = 30A4242D20C9D39800AAFC57 /* Project object */;
}
